
Microsoft Visual Studio Solution File, Format Version 12.00
# Visual Studio 15
VisualStudioVersion = 15.0.26430.6
MinimumVisualStudioVersion = 10.0.40219.1
Project("{2150E333-8FDC-42A3-9474-1A3956D46DE8}") = "00 - Solution Items", "00 - Solution Items", "{27008BFD-5D30-4695-9EBE-0F2171074086}"
EndProject
Project("{2150E333-8FDC-42A3-9474-1A3956D46DE8}") = "10 - Credit.Kolibre.Foundation", "10 - Credit.Kolibre.Foundation", "{F0738227-0918-4DE4-9962-FCE1EB24DD3C}"
EndProject
Project("{2150E333-8FDC-42A3-9474-1A3956D46DE8}") = "20 - Credit.Kolibre.Cache.Server", "20 - Credit.Kolibre.Cache.Server", "{8A02560C-A7F8-4C2D-AE30-1377DEB304D4}"
EndProject
Project("{2150E333-8FDC-42A3-9474-1A3956D46DE8}") = "30 - Test", "30 - Test", "{A7109478-5F64-4F10-A63E-C97EA60E5884}"
EndProject
Project("{A07B5EB6-E848-4116-A8D0-A826331D98C6}") = "Credit.Kolibre.Cache", "Credit.Kolibre.Cache\Credit.Kolibre.Cache.sfproj", "{FC041735-F7B7-4654-B620-415B55340D09}"
EndProject
Project("{FAE04EC0-301F-11D3-BF4B-00C04F79EFBC}") = "CacheActor", "CacheActor\CacheActor.csproj", "{7BCCA2D0-D351-4F87-9A00-B34540DE9A0A}"
EndProject
Project("{FAE04EC0-301F-11D3-BF4B-00C04F79EFBC}") = "CacheActor.Interfaces", "CacheActor.Interfaces\CacheActor.Interfaces.csproj", "{2CDC4427-DA12-447D-A30A-BE0A6F0B821C}"
EndProject
Project("{FAE04EC0-301F-11D3-BF4B-00C04F79EFBC}") = "CacheActorConsoleApp", "CacheActorConsoleApp\CacheActorConsoleApp.csproj", "{FEED4EE4-25D6-4307-B0A2-62E5F6B0F721}"
EndProject
Project("{FAE04EC0-301F-11D3-BF4B-00C04F79EFBC}") = "Credit.Kolibre.Foundation", "Credit.Kolibre.Foundation\Credit.Kolibre.Foundation.csproj", "{E406A3D9-C3B1-4EAE-BF27-787D3780DE01}"
EndProject
Project("{FAE04EC0-301F-11D3-BF4B-00C04F79EFBC}") = "TestConsoleApp", "TestConsoleApp\TestConsoleApp.csproj", "{EEB45B25-EFBC-453F-B9E1-0C815548E646}"
EndProject
Project("{FAE04EC0-301F-11D3-BF4B-00C04F79EFBC}") = "StandardFoundation", "StandardFoundation\StandardFoundation.csproj", "{27631B8A-27D9-42E8-9DB1-EC00BCA29925}"
EndProject
Project("{FAE04EC0-301F-11D3-BF4B-00C04F79EFBC}") = "FrameworkFoundation", "FrameworkFoundation\FrameworkFoundation.csproj", "{7AC367B2-C808-4A93-B938-6137A1F7414B}"
EndProject
Project("{FAE04EC0-301F-11D3-BF4B-00C04F79EFBC}") = "NetCoreFoundation", "NetCoreFoundation\NetCoreFoundation.csproj", "{E4387E32-39C8-4856-BD0A-1ABFE0DC4933}"
EndProject
Project("{FAE04EC0-301F-11D3-BF4B-00C04F79EFBC}") = "SmartCacheActor", "SmartCacheActor\SmartCacheActor.csproj", "{CE7937EF-6E14-4ABA-A009-58D127AFF32F}"
EndProject
Project("{FAE04EC0-301F-11D3-BF4B-00C04F79EFBC}") = "SmartCacheActor.Interfaces", "SmartCacheActor.Interfaces\SmartCacheActor.Interfaces.csproj", "{96E7EAA6-3B8F-4109-AFEB-99D2173C3DF1}"
EndProject
Project("{FAE04EC0-301F-11D3-BF4B-00C04F79EFBC}") = "Credit.Kolibre.Foundation.Cache", "Credit.Kolibre.Foundation.Cache\Credit.Kolibre.Foundation.Cache.csproj", "{0D17EDF1-8493-42FB-920B-E2516A5A7D2F}"
EndProject
Global
	GlobalSection(SolutionConfigurationPlatforms) = preSolution
		Debug|Any CPU = Debug|Any CPU
		Debug|x64 = Debug|x64
		Release|Any CPU = Release|Any CPU
		Release|x64 = Release|x64
	EndGlobalSection
	GlobalSection(ProjectConfigurationPlatforms) = postSolution
		{FC041735-F7B7-4654-B620-415B55340D09}.Debug|Any CPU.ActiveCfg = Debug|x64
		{FC041735-F7B7-4654-B620-415B55340D09}.Debug|x64.ActiveCfg = Debug|x64
		{FC041735-F7B7-4654-B620-415B55340D09}.Debug|x64.Build.0 = Debug|x64
		{FC041735-F7B7-4654-B620-415B55340D09}.Debug|x64.Deploy.0 = Debug|x64
		{FC041735-F7B7-4654-B620-415B55340D09}.Release|Any CPU.ActiveCfg = Release|x64
		{FC041735-F7B7-4654-B620-415B55340D09}.Release|x64.ActiveCfg = Release|x64
		{FC041735-F7B7-4654-B620-415B55340D09}.Release|x64.Build.0 = Release|x64
		{FC041735-F7B7-4654-B620-415B55340D09}.Release|x64.Deploy.0 = Release|x64
		{7BCCA2D0-D351-4F87-9A00-B34540DE9A0A}.Debug|Any CPU.ActiveCfg = Debug|x64
		{7BCCA2D0-D351-4F87-9A00-B34540DE9A0A}.Debug|x64.ActiveCfg = Debug|x64
		{7BCCA2D0-D351-4F87-9A00-B34540DE9A0A}.Debug|x64.Build.0 = Debug|x64
		{7BCCA2D0-D351-4F87-9A00-B34540DE9A0A}.Release|Any CPU.ActiveCfg = Release|x64
		{7BCCA2D0-D351-4F87-9A00-B34540DE9A0A}.Release|x64.ActiveCfg = Release|x64
		{7BCCA2D0-D351-4F87-9A00-B34540DE9A0A}.Release|x64.Build.0 = Release|x64
		{2CDC4427-DA12-447D-A30A-BE0A6F0B821C}.Debug|Any CPU.ActiveCfg = Debug|x64
		{2CDC4427-DA12-447D-A30A-BE0A6F0B821C}.Debug|x64.ActiveCfg = Debug|x64
		{2CDC4427-DA12-447D-A30A-BE0A6F0B821C}.Debug|x64.Build.0 = Debug|x64
		{2CDC4427-DA12-447D-A30A-BE0A6F0B821C}.Release|Any CPU.ActiveCfg = Release|x64
		{2CDC4427-DA12-447D-A30A-BE0A6F0B821C}.Release|x64.ActiveCfg = Release|x64
		{2CDC4427-DA12-447D-A30A-BE0A6F0B821C}.Release|x64.Build.0 = Release|x64
		{FEED4EE4-25D6-4307-B0A2-62E5F6B0F721}.Debug|Any CPU.ActiveCfg = Debug|Any CPU
		{FEED4EE4-25D6-4307-B0A2-62E5F6B0F721}.Debug|Any CPU.Build.0 = Debug|Any CPU
		{FEED4EE4-25D6-4307-B0A2-62E5F6B0F721}.Debug|x64.ActiveCfg = Debug|Any CPU
		{FEED4EE4-25D6-4307-B0A2-62E5F6B0F721}.Debug|x64.Build.0 = Debug|Any CPU
		{FEED4EE4-25D6-4307-B0A2-62E5F6B0F721}.Release|Any CPU.ActiveCfg = Release|Any CPU
		{FEED4EE4-25D6-4307-B0A2-62E5F6B0F721}.Release|Any CPU.Build.0 = Release|Any CPU
		{FEED4EE4-25D6-4307-B0A2-62E5F6B0F721}.Release|x64.ActiveCfg = Release|Any CPU
		{FEED4EE4-25D6-4307-B0A2-62E5F6B0F721}.Release|x64.Build.0 = Release|Any CPU
		{E406A3D9-C3B1-4EAE-BF27-787D3780DE01}.Debug|Any CPU.ActiveCfg = Debug|Any CPU
		{E406A3D9-C3B1-4EAE-BF27-787D3780DE01}.Debug|Any CPU.Build.0 = Debug|Any CPU
		{E406A3D9-C3B1-4EAE-BF27-787D3780DE01}.Debug|x64.ActiveCfg = Debug|Any CPU
		{E406A3D9-C3B1-4EAE-BF27-787D3780DE01}.Debug|x64.Build.0 = Debug|Any CPU
		{E406A3D9-C3B1-4EAE-BF27-787D3780DE01}.Release|Any CPU.ActiveCfg = Release|Any CPU
		{E406A3D9-C3B1-4EAE-BF27-787D3780DE01}.Release|Any CPU.Build.0 = Release|Any CPU
		{E406A3D9-C3B1-4EAE-BF27-787D3780DE01}.Release|x64.ActiveCfg = Release|Any CPU
		{E406A3D9-C3B1-4EAE-BF27-787D3780DE01}.Release|x64.Build.0 = Release|Any CPU
		{EEB45B25-EFBC-453F-B9E1-0C815548E646}.Debug|Any CPU.ActiveCfg = Debug|Any CPU
		{EEB45B25-EFBC-453F-B9E1-0C815548E646}.Debug|Any CPU.Build.0 = Debug|Any CPU
		{EEB45B25-EFBC-453F-B9E1-0C815548E646}.Debug|x64.ActiveCfg = Debug|Any CPU
		{EEB45B25-EFBC-453F-B9E1-0C815548E646}.Debug|x64.Build.0 = Debug|Any CPU
		{EEB45B25-EFBC-453F-B9E1-0C815548E646}.Release|Any CPU.ActiveCfg = Release|Any CPU
		{EEB45B25-EFBC-453F-B9E1-0C815548E646}.Release|Any CPU.Build.0 = Release|Any CPU
		{EEB45B25-EFBC-453F-B9E1-0C815548E646}.Release|x64.ActiveCfg = Release|Any CPU
		{EEB45B25-EFBC-453F-B9E1-0C815548E646}.Release|x64.Build.0 = Release|Any CPU
		{27631B8A-27D9-42E8-9DB1-EC00BCA29925}.Debug|Any CPU.ActiveCfg = Debug|Any CPU
		{27631B8A-27D9-42E8-9DB1-EC00BCA29925}.Debug|Any CPU.Build.0 = Debug|Any CPU
		{27631B8A-27D9-42E8-9DB1-EC00BCA29925}.Debug|x64.ActiveCfg = Debug|Any CPU
		{27631B8A-27D9-42E8-9DB1-EC00BCA29925}.Debug|x64.Build.0 = Debug|Any CPU
		{27631B8A-27D9-42E8-9DB1-EC00BCA29925}.Release|Any CPU.ActiveCfg = Release|Any CPU
		{27631B8A-27D9-42E8-9DB1-EC00BCA29925}.Release|Any CPU.Build.0 = Release|Any CPU
		{27631B8A-27D9-42E8-9DB1-EC00BCA29925}.Release|x64.ActiveCfg = Release|Any CPU
		{27631B8A-27D9-42E8-9DB1-EC00BCA29925}.Release|x64.Build.0 = Release|Any CPU
		{7AC367B2-C808-4A93-B938-6137A1F7414B}.Debug|Any CPU.ActiveCfg = Debug|Any CPU
		{7AC367B2-C808-4A93-B938-6137A1F7414B}.Debug|Any CPU.Build.0 = Debug|Any CPU
		{7AC367B2-C808-4A93-B938-6137A1F7414B}.Debug|x64.ActiveCfg = Debug|Any CPU
		{7AC367B2-C808-4A93-B938-6137A1F7414B}.Debug|x64.Build.0 = Debug|Any CPU
		{7AC367B2-C808-4A93-B938-6137A1F7414B}.Release|Any CPU.ActiveCfg = Release|Any CPU
		{7AC367B2-C808-4A93-B938-6137A1F7414B}.Release|Any CPU.Build.0 = Release|Any CPU
		{7AC367B2-C808-4A93-B938-6137A1F7414B}.Release|x64.ActiveCfg = Release|Any CPU
		{7AC367B2-C808-4A93-B938-6137A1F7414B}.Release|x64.Build.0 = Release|Any CPU
		{E4387E32-39C8-4856-BD0A-1ABFE0DC4933}.Debug|Any CPU.ActiveCfg = Debug|Any CPU
		{E4387E32-39C8-4856-BD0A-1ABFE0DC4933}.Debug|Any CPU.Build.0 = Debug|Any CPU
		{E4387E32-39C8-4856-BD0A-1ABFE0DC4933}.Debug|x64.ActiveCfg = Debug|Any CPU
		{E4387E32-39C8-4856-BD0A-1ABFE0DC4933}.Debug|x64.Build.0 = Debug|Any CPU
		{E4387E32-39C8-4856-BD0A-1ABFE0DC4933}.Release|Any CPU.ActiveCfg = Release|Any CPU
		{E4387E32-39C8-4856-BD0A-1ABFE0DC4933}.Release|Any CPU.Build.0 = Release|Any CPU
		{E4387E32-39C8-4856-BD0A-1ABFE0DC4933}.Release|x64.ActiveCfg = Release|Any CPU
		{E4387E32-39C8-4856-BD0A-1ABFE0DC4933}.Release|x64.Build.0 = Release|Any CPU
		{CE7937EF-6E14-4ABA-A009-58D127AFF32F}.Debug|Any CPU.ActiveCfg = Debug|x64
		{CE7937EF-6E14-4ABA-A009-58D127AFF32F}.Debug|x64.ActiveCfg = Debug|x64
		{CE7937EF-6E14-4ABA-A009-58D127AFF32F}.Debug|x64.Build.0 = Debug|x64
		{CE7937EF-6E14-4ABA-A009-58D127AFF32F}.Release|Any CPU.ActiveCfg = Release|x64
		{CE7937EF-6E14-4ABA-A009-58D127AFF32F}.Release|x64.ActiveCfg = Release|x64
		{CE7937EF-6E14-4ABA-A009-58D127AFF32F}.Release|x64.Build.0 = Release|x64
		{96E7EAA6-3B8F-4109-AFEB-99D2173C3DF1}.Debug|Any CPU.ActiveCfg = Debug|x64
		{96E7EAA6-3B8F-4109-AFEB-99D2173C3DF1}.Debug|x64.ActiveCfg = Debug|x64
		{96E7EAA6-3B8F-4109-AFEB-99D2173C3DF1}.Debug|x64.Build.0 = Debug|x64
		{96E7EAA6-3B8F-4109-AFEB-99D2173C3DF1}.Release|Any CPU.ActiveCfg = Release|x64
		{96E7EAA6-3B8F-4109-AFEB-99D2173C3DF1}.Release|x64.ActiveCfg = Release|x64
		{96E7EAA6-3B8F-4109-AFEB-99D2173C3DF1}.Release|x64.Build.0 = Release|x64
		{0D17EDF1-8493-42FB-920B-E2516A5A7D2F}.Debug|Any CPU.ActiveCfg = Debug|Any CPU
		{0D17EDF1-8493-42FB-920B-E2516A5A7D2F}.Debug|Any CPU.Build.0 = Debug|Any CPU
		{0D17EDF1-8493-42FB-920B-E2516A5A7D2F}.Debug|x64.ActiveCfg = Debug|Any CPU
		{0D17EDF1-8493-42FB-920B-E2516A5A7D2F}.Debug|x64.Build.0 = Debug|Any CPU
		{0D17EDF1-8493-42FB-920B-E2516A5A7D2F}.Release|Any CPU.ActiveCfg = Release|Any CPU
		{0D17EDF1-8493-42FB-920B-E2516A5A7D2F}.Release|Any CPU.Build.0 = Release|Any CPU
		{0D17EDF1-8493-42FB-920B-E2516A5A7D2F}.Release|x64.ActiveCfg = Release|Any CPU
		{0D17EDF1-8493-42FB-920B-E2516A5A7D2F}.Release|x64.Build.0 = Release|Any CPU
	EndGlobalSection
	GlobalSection(SolutionProperties) = preSolution
		HideSolutionNode = FALSE
	EndGlobalSection
	GlobalSection(NestedProjects) = preSolution
		{FC041735-F7B7-4654-B620-415B55340D09} = {8A02560C-A7F8-4C2D-AE30-1377DEB304D4}
		{7BCCA2D0-D351-4F87-9A00-B34540DE9A0A} = {8A02560C-A7F8-4C2D-AE30-1377DEB304D4}
		{2CDC4427-DA12-447D-A30A-BE0A6F0B821C} = {8A02560C-A7F8-4C2D-AE30-1377DEB304D4}
		{FEED4EE4-25D6-4307-B0A2-62E5F6B0F721} = {A7109478-5F64-4F10-A63E-C97EA60E5884}
		{E406A3D9-C3B1-4EAE-BF27-787D3780DE01} = {F0738227-0918-4DE4-9962-FCE1EB24DD3C}
		{EEB45B25-EFBC-453F-B9E1-0C815548E646} = {A7109478-5F64-4F10-A63E-C97EA60E5884}
		{27631B8A-27D9-42E8-9DB1-EC00BCA29925} = {A7109478-5F64-4F10-A63E-C97EA60E5884}
		{7AC367B2-C808-4A93-B938-6137A1F7414B} = {A7109478-5F64-4F10-A63E-C97EA60E5884}
		{E4387E32-39C8-4856-BD0A-1ABFE0DC4933} = {A7109478-5F64-4F10-A63E-C97EA60E5884}
		{CE7937EF-6E14-4ABA-A009-58D127AFF32F} = {8A02560C-A7F8-4C2D-AE30-1377DEB304D4}
		{96E7EAA6-3B8F-4109-AFEB-99D2173C3DF1} = {8A02560C-A7F8-4C2D-AE30-1377DEB304D4}
		{0D17EDF1-8493-42FB-920B-E2516A5A7D2F} = {F0738227-0918-4DE4-9962-FCE1EB24DD3C}
	EndGlobalSection
EndGlobal
